
Microsoft Visual Studio Solution File, Format Version 12.00
# Visual Studio Version 16
VisualStudioVersion = 16.0.30204.135
MinimumVisualStudioVersion = 10.0.40219.1
Project("{FAE04EC0-301F-11D3-BF4B-00C04F79EFBC}") = "BelajarVCS", "BelajarVCS\BelajarVCS.csproj", "{DE617CE0-F85F-43A0-8A1E-82D31C21C8E1}"
EndProject
Global
	GlobalSection(SolutionConfigurationPlatforms) = preSolution
		Debug|Any CPU = Debug|Any CPU
		Release|Any CPU = Release|Any CPU
	EndGlobalSection
	GlobalSection(ProjectConfigurationPlatforms) = postSolution
		{DE617CE0-F85F-43A0-8A1E-82D31C21C8E1}.Debug|Any CPU.ActiveCfg = Debug|Any CPU
		{DE617CE0-F85F-43A0-8A1E-82D31C21C8E1}.Debug|Any CPU.Build.0 = Debug|Any CPU
		{DE617CE0-F85F-43A0-8A1E-82D31C21C8E1}.Release|Any CPU.ActiveCfg = Release|Any CPU
		{DE617CE0-F85F-43A0-8A1E-82D31C21C8E1}.Release|Any CPU.Build.0 = Release|Any CPU
	EndGlobalSection
	GlobalSection(SolutionProperties) = preSolution
		HideSolutionNode = FALSE
	EndGlobalSection
	GlobalSection(ExtensibilityGlobals) = postSolution
		SolutionGuid = {91F8989C-4E33-4C30-881F-5F0C5411162E}
	EndGlobalSection
EndGlobal
